
Microsoft Visual Studio Solution File, Format Version 12.00
# Visual Studio Version 17
VisualStudioVersion = 17.12.35527.113 d17.12
MinimumVisualStudioVersion = 10.0.40219.1
Project("{FAE04EC0-301F-11D3-BF4B-00C04F79EFBC}") = "e-commerce-backend-dotnet", "e-commerce-backend-dotnet\e-commerce-backend-dotnet.csproj", "{3C7527F7-56A3-422D-8946-AD3E698316F8}"
EndProject
Project("{2150E333-8FDC-42A3-9474-1A3956D46DE8}") = "tools", "tools", "{531E6AEB-550C-4959-B066-85DEBB8A4D43}"
	ProjectSection(SolutionItems) = preProject
		.gitignore = .gitignore
		global.json = global.json
		README.md = README.md
	EndProjectSection
EndProject
Global
	GlobalSection(SolutionConfigurationPlatforms) = preSolution
		Debug|Any CPU = Debug|Any CPU
		Release|Any CPU = Release|Any CPU
	EndGlobalSection
	GlobalSection(ProjectConfigurationPlatforms) = postSolution
		{3C7527F7-56A3-422D-8946-AD3E698316F8}.Debug|Any CPU.ActiveCfg = Debug|Any CPU
		{3C7527F7-56A3-422D-8946-AD3E698316F8}.Debug|Any CPU.Build.0 = Debug|Any CPU
		{3C7527F7-56A3-422D-8946-AD3E698316F8}.Release|Any CPU.ActiveCfg = Release|Any CPU
		{3C7527F7-56A3-422D-8946-AD3E698316F8}.Release|Any CPU.Build.0 = Release|Any CPU
	EndGlobalSection
	GlobalSection(SolutionProperties) = preSolution
		HideSolutionNode = FALSE
	EndGlobalSection
EndGlobal
